
Microsoft Visual Studio Solution File, Format Version 12.00
# Visual Studio Version 17
VisualStudioVersion = 17.14.36414.22 d17.14
MinimumVisualStudioVersion = 10.0.40219.1
Project("{FAE04EC0-301F-11D3-BF4B-00C04F79EFBC}") = "Registros", "Registros.csproj", "{17D95E08-E4AE-4C00-93B0-E6836E0E5262}"
EndProject
Global
	GlobalSection(SolutionConfigurationPlatforms) = preSolution
		Debug|Any CPU = Debug|Any CPU
		Release|Any CPU = Release|Any CPU
	EndGlobalSection
	GlobalSection(ProjectConfigurationPlatforms) = postSolution
		{17D95E08-E4AE-4C00-93B0-E6836E0E5262}.Debug|Any CPU.ActiveCfg = Debug|Any CPU
		{17D95E08-E4AE-4C00-93B0-E6836E0E5262}.Debug|Any CPU.Build.0 = Debug|Any CPU
		{17D95E08-E4AE-4C00-93B0-E6836E0E5262}.Release|Any CPU.ActiveCfg = Release|Any CPU
		{17D95E08-E4AE-4C00-93B0-E6836E0E5262}.Release|Any CPU.Build.0 = Release|Any CPU
	EndGlobalSection
	GlobalSection(SolutionProperties) = preSolution
		HideSolutionNode = FALSE
	EndGlobalSection
	GlobalSection(ExtensibilityGlobals) = postSolution
		SolutionGuid = {EDDB05F7-139D-4C51-B486-050C68AFB978}
	EndGlobalSection
EndGlobal
